
Microsoft Visual Studio Solution File, Format Version 12.00
# Visual Studio Version 17
VisualStudioVersion = 17.5.002.0
MinimumVisualStudioVersion = 10.0.40219.1
Project("{9A19103F-16F7-4668-BE54-9A1E7A4F7556}") = "c# app4", "c# app4.csproj", "{A1B1961C-F3BA-4606-9369-1B8FBCF09103}"
EndProject
Global
	GlobalSection(SolutionConfigurationPlatforms) = preSolution
		Debug|Any CPU = Debug|Any CPU
		Release|Any CPU = Release|Any CPU
	EndGlobalSection
	GlobalSection(ProjectConfigurationPlatforms) = postSolution
		{A1B1961C-F3BA-4606-9369-1B8FBCF09103}.Debug|Any CPU.ActiveCfg = Debug|Any CPU
		{A1B1961C-F3BA-4606-9369-1B8FBCF09103}.Debug|Any CPU.Build.0 = Debug|Any CPU
		{A1B1961C-F3BA-4606-9369-1B8FBCF09103}.Release|Any CPU.ActiveCfg = Release|Any CPU
		{A1B1961C-F3BA-4606-9369-1B8FBCF09103}.Release|Any CPU.Build.0 = Release|Any CPU
	EndGlobalSection
	GlobalSection(SolutionProperties) = preSolution
		HideSolutionNode = FALSE
	EndGlobalSection
	GlobalSection(ExtensibilityGlobals) = postSolution
		SolutionGuid = {978B582B-31D8-4188-BFD3-928D937DC3E3}
	EndGlobalSection
EndGlobal
